
Microsoft Visual Studio Solution File, Format Version 12.00
# Visual Studio Version 17
VisualStudioVersion = 17.14.36518.9 d17.14
MinimumVisualStudioVersion = 10.0.40219.1
Project("{FAE04EC0-301F-11D3-BF4B-00C04F79EFBC}") = "ECommerce.Domain", "ECommerce.Domain\ECommerce.Domain.csproj", "{2C281542-68A3-4467-B1A0-3934990EF91B}"
EndProject
Project("{FAE04EC0-301F-11D3-BF4B-00C04F79EFBC}") = "ECommerce.Application", "ECommerce.Application\ECommerce.Application.csproj", "{08FB08A4-C2DF-4E1B-A134-190340CF06A8}"
EndProject
Project("{FAE04EC0-301F-11D3-BF4B-00C04F79EFBC}") = "ECommerce.Infrastructure", "ECommerce.Infrastructure\ECommerce.Infrastructure.csproj", "{B7341DC6-8A74-459B-9B77-0BDCBDA2448E}"
EndProject
Project("{FAE04EC0-301F-11D3-BF4B-00C04F79EFBC}") = "ECommerce.API", "ECommerce.API\ECommerce.API.csproj", "{EEE69F68-E63B-436D-8574-7F034F788F13}"
EndProject
Global
	GlobalSection(SolutionConfigurationPlatforms) = preSolution
		Debug|Any CPU = Debug|Any CPU
		Release|Any CPU = Release|Any CPU
	EndGlobalSection
	GlobalSection(ProjectConfigurationPlatforms) = postSolution
		{2C281542-68A3-4467-B1A0-3934990EF91B}.Debug|Any CPU.ActiveCfg = Debug|Any CPU
		{2C281542-68A3-4467-B1A0-3934990EF91B}.Debug|Any CPU.Build.0 = Debug|Any CPU
		{2C281542-68A3-4467-B1A0-3934990EF91B}.Release|Any CPU.ActiveCfg = Release|Any CPU
		{2C281542-68A3-4467-B1A0-3934990EF91B}.Release|Any CPU.Build.0 = Release|Any CPU
		{08FB08A4-C2DF-4E1B-A134-190340CF06A8}.Debug|Any CPU.ActiveCfg = Debug|Any CPU
		{08FB08A4-C2DF-4E1B-A134-190340CF06A8}.Debug|Any CPU.Build.0 = Debug|Any CPU
		{08FB08A4-C2DF-4E1B-A134-190340CF06A8}.Release|Any CPU.ActiveCfg = Release|Any CPU
		{08FB08A4-C2DF-4E1B-A134-190340CF06A8}.Release|Any CPU.Build.0 = Release|Any CPU
		{B7341DC6-8A74-459B-9B77-0BDCBDA2448E}.Debug|Any CPU.ActiveCfg = Debug|Any CPU
		{B7341DC6-8A74-459B-9B77-0BDCBDA2448E}.Debug|Any CPU.Build.0 = Debug|Any CPU
		{B7341DC6-8A74-459B-9B77-0BDCBDA2448E}.Release|Any CPU.ActiveCfg = Release|Any CPU
		{B7341DC6-8A74-459B-9B77-0BDCBDA2448E}.Release|Any CPU.Build.0 = Release|Any CPU
		{EEE69F68-E63B-436D-8574-7F034F788F13}.Debug|Any CPU.ActiveCfg = Debug|Any CPU
		{EEE69F68-E63B-436D-8574-7F034F788F13}.Debug|Any CPU.Build.0 = Debug|Any CPU
		{EEE69F68-E63B-436D-8574-7F034F788F13}.Release|Any CPU.ActiveCfg = Release|Any CPU
		{EEE69F68-E63B-436D-8574-7F034F788F13}.Release|Any CPU.Build.0 = Release|Any CPU
	EndGlobalSection
	GlobalSection(SolutionProperties) = preSolution
		HideSolutionNode = FALSE
	EndGlobalSection
	GlobalSection(ExtensibilityGlobals) = postSolution
		SolutionGuid = {14ABDD79-1D1F-4E1C-BA42-60A42CA3B7F9}
	EndGlobalSection
EndGlobal
